
Microsoft Visual Studio Solution File, Format Version 12.00
# Visual Studio Version 16
VisualStudioVersion = 16.0.30717.126
MinimumVisualStudioVersion = 10.0.40219.1
Project("{8BC9CEB8-8B4A-11D0-8D11-00A0C91BC942}") = "RasterRander", "RasterRander.vcxproj", "{10FF65FC-4470-4F49-9E84-EE27F63D1B1F}"
EndProject
Global
	GlobalSection(SolutionConfigurationPlatforms) = preSolution
		Debug|x64 = Debug|x64
		Debug|x86 = Debug|x86
		Release|x64 = Release|x64
		Release|x86 = Release|x86
	EndGlobalSection
	GlobalSection(ProjectConfigurationPlatforms) = postSolution
		{10FF65FC-4470-4F49-9E84-EE27F63D1B1F}.Debug|x64.ActiveCfg = Debug|x64
		{10FF65FC-4470-4F49-9E84-EE27F63D1B1F}.Debug|x64.Build.0 = Debug|x64
		{10FF65FC-4470-4F49-9E84-EE27F63D1B1F}.Debug|x86.ActiveCfg = Debug|Win32
		{10FF65FC-4470-4F49-9E84-EE27F63D1B1F}.Debug|x86.Build.0 = Debug|Win32
		{10FF65FC-4470-4F49-9E84-EE27F63D1B1F}.Release|x64.ActiveCfg = Release|x64
		{10FF65FC-4470-4F49-9E84-EE27F63D1B1F}.Release|x64.Build.0 = Release|x64
		{10FF65FC-4470-4F49-9E84-EE27F63D1B1F}.Release|x86.ActiveCfg = Release|Win32
		{10FF65FC-4470-4F49-9E84-EE27F63D1B1F}.Release|x86.Build.0 = Release|Win32
	EndGlobalSection
	GlobalSection(SolutionProperties) = preSolution
		HideSolutionNode = FALSE
	EndGlobalSection
	GlobalSection(ExtensibilityGlobals) = postSolution
		SolutionGuid = {95D2F365-2FB7-4197-A2ED-3A22CD2F5363}
	EndGlobalSection
EndGlobal
